Microsoft Visual Studio Solution File, Format Version 12.00
# Visual Studio Version 17
VisualStudioVersion = 17.5.2.0
MinimumVisualStudioVersion = 10.0.40219.1
Project("{FAE04EC0-301F-11D3-BF4B-00C04F79EFBC}") = "Septembar2024Grupa2", "Septembar2024Grupa2.csproj", "{E9D81D08-5D06-C455-BFEC-EEAA5B84C62F}"
EndProject
Global
	GlobalSection(SolutionConfigurationPlatforms) = preSolution
		Debug|Any CPU = Debug|Any CPU
		Release|Any CPU = Release|Any CPU
	EndGlobalSection
	GlobalSection(ProjectConfigurationPlatforms) = postSolution
		{E9D81D08-5D06-C455-BFEC-EEAA5B84C62F}.Debug|Any CPU.ActiveCfg = Debug|Any CPU
		{E9D81D08-5D06-C455-BFEC-EEAA5B84C62F}.Debug|Any CPU.Build.0 = Debug|Any CPU
		{E9D81D08-5D06-C455-BFEC-EEAA5B84C62F}.Release|Any CPU.ActiveCfg = Release|Any CPU
		{E9D81D08-5D06-C455-BFEC-EEAA5B84C62F}.Release|Any CPU.Build.0 = Release|Any CPU
	EndGlobalSection
	GlobalSection(SolutionProperties) = preSolution
		HideSolutionNode = FALSE
	EndGlobalSection
	GlobalSection(ExtensibilityGlobals) = postSolution
		SolutionGuid = {07BBD1FF-F0E9-4220-BD04-DF5AE8BB6807}
	EndGlobalSection
EndGlobal
